axios@^1.6.8:
  version "1.6.8"
  resolved "https://registry.yarnpkg.com/axios/-/axios-1.6.8.tgz"
  integrity sha512-+wBo2F1nGE8+Z7uJOnWySkQhSOeHFiH+naFn5L5KiZZRjAFOcGkdyFFnszNRrldQgUvnftB8wEguvx9YMGaMBQ==
  dependencies:
    follow-redirects "^1.15.6"

follow-redirects@^1.15.6:
  version "1.15.6"
  resolved "https://registry.yarnpkg.com/follow-redirects/-/follow-redirects-1.15.6.tgz"
  integrity sha512-94cwGQu9ROz8yq82TnC0pC8nKj6yfeK0ib9X+6xP+kh5NHyaAKO8L4wZxqK3WwklhExiUCBXsyR1JzIQyUVzHg==
